
Microsoft Visual Studio Solution File, Format Version 12.00
# Visual Studio Version 16
VisualStudioVersion = 16.0.29025.244
MinimumVisualStudioVersion = 10.0.40219.1
Project("{FAE04EC0-301F-11D3-BF4B-00C04F79EFBC}") = "Lab1", "Lab1\Lab1.csproj", "{7E6CDBA6-3676-4AB3-B903-2083CA0FFFF3}"
EndProject
Global
	GlobalSection(SolutionConfigurationPlatforms) = preSolution
		Debug|Any CPU = Debug|Any CPU
		Release|Any CPU = Release|Any CPU
	EndGlobalSection
	GlobalSection(ProjectConfigurationPlatforms) = postSolution
		{7E6CDBA6-3676-4AB3-B903-2083CA0FFFF3}.Debug|Any CPU.ActiveCfg = Debug|Any CPU
		{7E6CDBA6-3676-4AB3-B903-2083CA0FFFF3}.Debug|Any CPU.Build.0 = Debug|Any CPU
		{7E6CDBA6-3676-4AB3-B903-2083CA0FFFF3}.Release|Any CPU.ActiveCfg = Release|Any CPU
		{7E6CDBA6-3676-4AB3-B903-2083CA0FFFF3}.Release|Any CPU.Build.0 = Release|Any CPU
	EndGlobalSection
	GlobalSection(SolutionProperties) = preSolution
		HideSolutionNode = FALSE
	EndGlobalSection
	GlobalSection(ExtensibilityGlobals) = postSolution
		SolutionGuid = {F94045E2-FB85-45AE-B09D-9D84D51A08D0}
	EndGlobalSection
EndGlobal
